// !$*UTF8*$!
{
	archiveVersion = 1;
	classes = {
	};
	objectVersion = 55;
	objects = {

/* Begin PBXBuildFile section */
		304DDEA8288B1217002F556E /* server-response.json in Resources */ = {isa = PBXBuildFile; fileRef = 304DDEA7288B1217002F556E /* server-response.json */; };
		304DDEAA288B1261002F556E /* DecodableData.swift in Sources */ = {isa = PBXBuildFile; fileRef = 304DDEA9288B1261002F556E /* DecodableData.swift */; };
		304DDEAC288B1291002F556E /* TiposDeViagens.swift in Sources */ = {isa = PBXBuildFile; fileRef = 304DDEAB288B1291002F556E /* TiposDeViagens.swift */; };
		304DDEAE288B12AA002F556E /* Viagem.swift in Sources */ = {isa = PBXBuildFile; fileRef = 304DDEAD288B12AA002F556E /* Viagem.swift */; };
		304DDEB0288B12E2002F556E /* UIView+Extension.swift in Sources */ = {isa = PBXBuildFile; fileRef = 304DDEAF288B12E2002F556E /* UIView+Extension.swift */; };
		304DDEB2288B1623002F556E /* ViagemViewModel.swift in Sources */ = {isa = PBXBuildFile; fileRef = 304DDEB1288B1623002F556E /* ViagemViewModel.swift */; };
		304DDEB4288B16F3002F556E /* ViagemDestaqueViewModel.swift in Sources */ = {isa = PBXBuildFile; fileRef = 304DDEB3288B16F3002F556E /* ViagemDestaqueViewModel.swift */; };
		304DDEBA28AEB575002F556E /* OfertaTableViewCell.swift in Sources */ = {isa = PBXBuildFile; fileRef = 304DDEB828AEB575002F556E /* OfertaTableViewCell.swift */; };
		304DDEBB28AEB575002F556E /* OfertaTableViewCell.xib in Resources */ = {isa = PBXBuildFile; fileRef = 304DDEB928AEB575002F556E /* OfertaTableViewCell.xib */; };
		304DDEBD28AEB636002F556E /* ViagemOfertaViewModel.swift in Sources */ = {isa = PBXBuildFile; fileRef = 304DDEBC28AEB636002F556E /* ViagemOfertaViewModel.swift */; };
		304DDEC328B013A9002F556E /* DetalheViewController.swift in Sources */ = {isa = PBXBuildFile; fileRef = 304DDEC128B013A9002F556E /* DetalheViewController.swift */; };
		304DDEC428B013A9002F556E /* DetalheViewController.xib in Resources */ = {isa = PBXBuildFile; fileRef = 304DDEC228B013A9002F556E /* DetalheViewController.xib */; };
		30D973FA28873A1B00CF1B7F /* AppDelegate.swift in Sources */ = {isa = PBXBuildFile; fileRef = 30D973F928873A1B00CF1B7F /* AppDelegate.swift */; };
		30D973FC28873A1B00CF1B7F /* SceneDelegate.swift in Sources */ = {isa = PBXBuildFile; fileRef = 30D973FB28873A1B00CF1B7F /* SceneDelegate.swift */; };
		30D973FE28873A1B00CF1B7F /* ViewController.swift in Sources */ = {isa = PBXBuildFile; fileRef = 30D973FD28873A1B00CF1B7F /* ViewController.swift */; };
		30D9740128873A1B00CF1B7F /* Main.storyboard in Resources */ = {isa = PBXBuildFile; fileRef = 30D973FF28873A1B00CF1B7F /* Main.storyboard */; };
		30D9740328873A1D00CF1B7F /* Assets.xcassets in Resources */ = {isa = PBXBuildFile; fileRef = 30D9740228873A1D00CF1B7F /* Assets.xcassets */; };
		30D9740628873A1D00CF1B7F /* LaunchScreen.storyboard in Resources */ = {isa = PBXBuildFile; fileRef = 30D9740428873A1D00CF1B7F /* LaunchScreen.storyboard */; };
		30D9740E28873F8100CF1B7F /* HomeTableViewHeader.xib in Resources */ = {isa = PBXBuildFile; fileRef = 30D9740D28873F8100CF1B7F /* HomeTableViewHeader.xib */; };
		30D974102887479200CF1B7F /* HomeTableViewHeader.swift in Sources */ = {isa = PBXBuildFile; fileRef = 30D9740F2887479200CF1B7F /* HomeTableViewHeader.swift */; };
		30D97419288AE1D900CF1B7F /* ViagemTableViewCell.swift in Sources */ = {isa = PBXBuildFile; fileRef = 30D97417288AE1D900CF1B7F /* ViagemTableViewCell.swift */; };
		30D9741A288AE1D900CF1B7F /* ViagemTableViewCell.xib in Resources */ = {isa = PBXBuildFile; fileRef = 30D97418288AE1D900CF1B7F /* ViagemTableViewCell.xib */; };
/* End PBXBuildFile section */

/* Begin PBXFileReference section */
		304DDEA7288B1217002F556E /* server-response.json */ = {isa = PBXFileReference; fileEncoding = 4; lastKnownFileType = text.json; name = "server-response.json"; path = "../../../../Downloads/Arquivos Swift/arquivos/server-response.json"; sourceTree = "<group>"; };
		304DDEA9288B1261002F556E /* DecodableData.swift */ = {isa = PBXFileReference; fileEncoding = 4; lastKnownFileType = sourcecode.swift; name = DecodableData.swift; path = "../../../../Downloads/Arquivos Swift/arquivos/DecodableData.swift"; sourceTree = "<group>"; };
		304DDEAB288B1291002F556E /* TiposDeViagens.swift */ = {isa = PBXFileReference; fileEncoding = 4; lastKnownFileType = sourcecode.swift; name = TiposDeViagens.swift; path = "../../../../Downloads/Arquivos Swift/arquivos/TiposDeViagens.swift"; sourceTree = "<group>"; };
		304DDEAD288B12AA002F556E /* Viagem.swift */ = {isa = PBXFileReference; fileEncoding = 4; lastKnownFileType = sourcecode.swift; name = Viagem.swift; path = "../../../../Downloads/Arquivos Swift/arquivos/Viagem.swift"; sourceTree = "<group>"; };
		304DDEAF288B12E2002F556E /* UIView+Extension.swift */ = {isa = PBXFileReference; fileEncoding = 4; lastKnownFileType = sourcecode.swift; name = "UIView+Extension.swift"; path = "../../../../Downloads/Arquivos Swift/arquivos/UIView+Extension.swift"; sourceTree = "<group>"; };
		304DDEB1288B1623002F556E /* ViagemViewModel.swift */ = {isa = PBXFileReference; lastKnownFileType = sourcecode.swift; path = ViagemViewModel.swift; sourceTree = "<group>"; };
		304DDEB3288B16F3002F556E /* ViagemDestaqueViewModel.swift */ = {isa = PBXFileReference; lastKnownFileType = sourcecode.swift; path = ViagemDestaqueViewModel.swift; sourceTree = "<group>"; };
		304DDEB828AEB575002F556E /* OfertaTableViewCell.swift */ = {isa = PBXFileReference; lastKnownFileType = sourcecode.swift; path = OfertaTableViewCell.swift; sourceTree = "<group>"; };
		304DDEB928AEB575002F556E /* OfertaTableViewCell.xib */ = {isa = PBXFileReference; lastKnownFileType = file.xib; path = OfertaTableViewCell.xib; sourceTree = "<group>"; };
		304DDEBC28AEB636002F556E /* ViagemOfertaViewModel.swift */ = {isa = PBXFileReference; lastKnownFileType = sourcecode.swift; path = ViagemOfertaViewModel.swift; sourceTree = "<group>"; };
		304DDEC128B013A9002F556E /* DetalheViewController.swift */ = {isa = PBXFileReference; lastKnownFileType = sourcecode.swift; path = DetalheViewController.swift; sourceTree = "<group>"; };
		304DDEC228B013A9002F556E /* DetalheViewController.xib */ = {isa = PBXFileReference; lastKnownFileType = file.xib; path = DetalheViewController.xib; sourceTree = "<group>"; };
		30D973F628873A1B00CF1B7F /* AluraViagensStoryboard.app */ = {isa = PBXFileReference; explicitFileType = wrapper.application; includeInIndex = 0; path = AluraViagensStoryboard.app; sourceTree = BUILT_PRODUCTS_DIR; };
		30D973F928873A1B00CF1B7F /* AppDelegate.swift */ = {isa = PBXFileReference; lastKnownFileType = sourcecode.swift; path = AppDelegate.swift; sourceTree = "<group>"; };
		30D973FB28873A1B00CF1B7F /* SceneDelegate.swift */ = {isa = PBXFileReference; lastKnownFileType = sourcecode.swift; path = SceneDelegate.swift; sourceTree = "<group>"; };
		30D973FD28873A1B00CF1B7F /* ViewController.swift */ = {isa = PBXFileReference; lastKnownFileType = sourcecode.swift; path = ViewController.swift; sourceTree = "<group>"; };
		30D9740028873A1B00CF1B7F /* Base */ = {isa = PBXFileReference; lastKnownFileType = file.storyboard; name = Base; path = Base.lproj/Main.storyboard; sourceTree = "<group>"; };
		30D9740228873A1D00CF1B7F /* Assets.xcassets */ = {isa = PBXFileReference; lastKnownFileType = folder.assetcatalog; path = Assets.xcassets; sourceTree = "<group>"; };
		30D9740528873A1D00CF1B7F /* Base */ = {isa = PBXFileReference; lastKnownFileType = file.storyboard; name = Base; path = Base.lproj/LaunchScreen.storyboard; sourceTree = "<group>"; };
		30D9740728873A1D00CF1B7F /* Info.plist */ = {isa = PBXFileReference; lastKnownFileType = text.plist.xml; path = Info.plist; sourceTree = "<group>"; };
		30D9740D28873F8100CF1B7F /* HomeTableViewHeader.xib */ = {isa = PBXFileReference; lastKnownFileType = file.xib; path = HomeTableViewHeader.xib; sourceTree = "<group>"; };
		30D9740F2887479200CF1B7F /* HomeTableViewHeader.swift */ = {isa = PBXFileReference; lastKnownFileType = sourcecode.swift; path = HomeTableViewHeader.swift; sourceTree = "<group>"; };
		30D97417288AE1D900CF1B7F /* ViagemTableViewCell.swift */ = {isa = PBXFileReference; lastKnownFileType = sourcecode.swift; path = ViagemTableViewCell.swift; sourceTree = "<group>"; };
		30D97418288AE1D900CF1B7F /* ViagemTableViewCell.xib */ = {isa = PBXFileReference; lastKnownFileType = file.xib; path = ViagemTableViewCell.xib; sourceTree = "<group>"; };
/* End PBXFileReference section */

/* Begin PBXFrameworksBuildPhase section */
		30D973F328873A1B00CF1B7F /* Frameworks */ = {
			isa = PBXFrameworksBuildPhase;
			buildActionMask = 2147483647;
			files = (
			);
			runOnlyForDeploymentPostprocessing = 0;
		};
/* End PBXFrameworksBuildPhase section */

/* Begin PBXGroup section */
		304DDEA5288B110E002F556E /* Mock */ = {
			isa = PBXGroup;
			children = (
				304DDEA7288B1217002F556E /* server-response.json */,
			);
			path = Mock;
			sourceTree = "<group>";
		};
		304DDEA6288B1150002F556E /* Extension */ = {
			isa = PBXGroup;
			children = (
				304DDEAF288B12E2002F556E /* UIView+Extension.swift */,
			);
			path = Extension;
			sourceTree = "<group>";
		};
		304DDEB628AEB527002F556E /* Destaque */ = {
			isa = PBXGroup;
			children = (
				30D97417288AE1D900CF1B7F /* ViagemTableViewCell.swift */,
				30D97418288AE1D900CF1B7F /* ViagemTableViewCell.xib */,
			);
			path = Destaque;
			sourceTree = "<group>";
		};
		304DDEB728AEB54A002F556E /* Oferta */ = {
			isa = PBXGroup;
			children = (
				304DDEB828AEB575002F556E /* OfertaTableViewCell.swift */,
				304DDEB928AEB575002F556E /* OfertaTableViewCell.xib */,
			);
			path = Oferta;
			sourceTree = "<group>";
		};
		304DDEC028B01387002F556E /* DetalheViewController */ = {
			isa = PBXGroup;
			children = (
				304DDEC128B013A9002F556E /* DetalheViewController.swift */,
				304DDEC228B013A9002F556E /* DetalheViewController.xib */,
			);
			path = DetalheViewController;
			sourceTree = "<group>";
		};
		30D973ED28873A1B00CF1B7F = {
			isa = PBXGroup;
			children = (
				30D973F828873A1B00CF1B7F /* AluraViagensStoryboard */,
				30D973F728873A1B00CF1B7F /* Products */,
			);
			sourceTree = "<group>";
		};
		30D973F728873A1B00CF1B7F /* Products */ = {
			isa = PBXGroup;
			children = (
				30D973F628873A1B00CF1B7F /* AluraViagensStoryboard.app */,
			);
			name = Products;
			sourceTree = "<group>";
		};
		30D973F828873A1B00CF1B7F /* AluraViagensStoryboard */ = {
			isa = PBXGroup;
			children = (
				304DDEA6288B1150002F556E /* Extension */,
				30D97414288AD6E500CF1B7F /* ViewModel */,
				30D97411288AD67C00CF1B7F /* AppDelegate */,
				30D97413288AD6AA00CF1B7F /* View */,
				30D97412288AD69900CF1B7F /* Model */,
				30D9740228873A1D00CF1B7F /* Assets.xcassets */,
				304DDEA5288B110E002F556E /* Mock */,
				30D9740428873A1D00CF1B7F /* LaunchScreen.storyboard */,
				30D9740728873A1D00CF1B7F /* Info.plist */,
			);
			path = AluraViagensStoryboard;
			sourceTree = "<group>";
		};
		30D97411288AD67C00CF1B7F /* AppDelegate */ = {
			isa = PBXGroup;
			children = (
				30D973FB28873A1B00CF1B7F /* SceneDelegate.swift */,
				30D973F928873A1B00CF1B7F /* AppDelegate.swift */,
			);
			path = AppDelegate;
			sourceTree = "<group>";
		};
		30D97412288AD69900CF1B7F /* Model */ = {
			isa = PBXGroup;
			children = (
				304DDEA9288B1261002F556E /* DecodableData.swift */,
				304DDEAD288B12AA002F556E /* Viagem.swift */,
				304DDEAB288B1291002F556E /* TiposDeViagens.swift */,
			);
			path = Model;
			sourceTree = "<group>";
		};
		30D97413288AD6AA00CF1B7F /* View */ = {
			isa = PBXGroup;
			children = (
				30D973FD28873A1B00CF1B7F /* ViewController.swift */,
				30D973FF28873A1B00CF1B7F /* Main.storyboard */,
				304DDEC028B01387002F556E /* DetalheViewController */,
				30D97415288AD6F400CF1B7F /* Header */,
				30D97416288AE19E00CF1B7F /* Cells */,
			);
			path = View;
			sourceTree = "<group>";
		};
		30D97414288AD6E500CF1B7F /* ViewModel */ = {
			isa = PBXGroup;
			children = (
				304DDEB1288B1623002F556E /* ViagemViewModel.swift */,
				304DDEB3288B16F3002F556E /* ViagemDestaqueViewModel.swift */,
				304DDEBC28AEB636002F556E /* ViagemOfertaViewModel.swift */,
			);
			path = ViewModel;
			sourceTree = "<group>";
		};
		30D97415288AD6F400CF1B7F /* Header */ = {
			isa = PBXGroup;
			children = (
				30D9740F2887479200CF1B7F /* HomeTableViewHeader.swift */,
				30D9740D28873F8100CF1B7F /* HomeTableViewHeader.xib */,
			);
			path = Header;
			sourceTree = "<group>";
		};
		30D97416288AE19E00CF1B7F /* Cells */ = {
			isa = PBXGroup;
			children = (
				304DDEB728AEB54A002F556E /* Oferta */,
				304DDEB628AEB527002F556E /* Destaque */,
			);
			path = Cells;
			sourceTree = "<group>";
		};
/* End PBXGroup section */

/* Begin PBXNativeTarget section */
		30D973F528873A1B00CF1B7F /* AluraViagensStoryboard */ = {
			isa = PBXNativeTarget;
			buildConfigurationList = 30D9740A28873A1D00CF1B7F /* Build configuration list for PBXNativeTarget "AluraViagensStoryboard" */;
			buildPhases = (
				30D973F228873A1B00CF1B7F /* Sources */,
				30D973F328873A1B00CF1B7F /* Frameworks */,
				30D973F428873A1B00CF1B7F /* Resources */,
			);
			buildRules = (
			);
			dependencies = (
			);
			name = AluraViagensStoryboard;
			productName = AluraViagensStoryboard;
			productReference = 30D973F628873A1B00CF1B7F /* AluraViagensStoryboard.app */;
			productType = "com.apple.product-type.application";
		};
/* End PBXNativeTarget section */

/* Begin PBXProject section */
		30D973EE28873A1B00CF1B7F /* Project object */ = {
			isa = PBXProject;
			attributes = {
				BuildIndependentTargetsInParallel = 1;
				LastSwiftUpdateCheck = 1340;
				LastUpgradeCheck = 1340;
				TargetAttributes = {
					30D973F528873A1B00CF1B7F = {
						CreatedOnToolsVersion = 13.4.1;
					};
				};
			};
			buildConfigurationList = 30D973F128873A1B00CF1B7F /* Build configuration list for PBXProject "AluraViagensStoryboard" */;
			compatibilityVersion = "Xcode 13.0";
			developmentRegion = en;
			hasScannedForEncodings = 0;
			knownRegions = (
				en,
				Base,
			);
			mainGroup = 30D973ED28873A1B00CF1B7F;
			productRefGroup = 30D973F728873A1B00CF1B7F /* Products */;
			projectDirPath = "";
			projectRoot = "";
			targets = (
				30D973F528873A1B00CF1B7F /* AluraViagensStoryboard */,
			);
		};
/* End PBXProject section */

/* Begin PBXResourcesBuildPhase section */
		30D973F428873A1B00CF1B7F /* Resources */ = {
			isa = PBXResourcesBuildPhase;
			buildActionMask = 2147483647;
			files = (
				304DDEC428B013A9002F556E /* DetalheViewController.xib in Resources */,
				30D9740628873A1D00CF1B7F /* LaunchScreen.storyboard in Resources */,
				304DDEA8288B1217002F556E /* server-response.json in Resources */,
				30D9740E28873F8100CF1B7F /* HomeTableViewHeader.xib in Resources */,
				30D9740328873A1D00CF1B7F /* Assets.xcassets in Resources */,
				30D9740128873A1B00CF1B7F /* Main.storyboard in Resources */,
				30D9741A288AE1D900CF1B7F /* ViagemTableViewCell.xib in Resources */,
				304DDEBB28AEB575002F556E /* OfertaTableViewCell.xib in Resources */,
			);
			runOnlyForDeploymentPostprocessing = 0;
		};
/* End PBXResourcesBuildPhase section */

/* Begin PBXSourcesBuildPhase section */
		30D973F228873A1B00CF1B7F /* Sources */ = {
			isa = PBXSourcesBuildPhase;
			buildActionMask = 2147483647;
			files = (
				304DDEAE288B12AA002F556E /* Viagem.swift in Sources */,
				30D973FE28873A1B00CF1B7F /* ViewController.swift in Sources */,
				30D97419288AE1D900CF1B7F /* ViagemTableViewCell.swift in Sources */,
				304DDEB0288B12E2002F556E /* UIView+Extension.swift in Sources */,
				304DDEBD28AEB636002F556E /* ViagemOfertaViewModel.swift in Sources */,
				304DDEBA28AEB575002F556E /* OfertaTableViewCell.swift in Sources */,
				304DDEAC288B1291002F556E /* TiposDeViagens.swift in Sources */,
				30D974102887479200CF1B7F /* HomeTableViewHeader.swift in Sources */,
				304DDEAA288B1261002F556E /* DecodableData.swift in Sources */,
				30D973FA28873A1B00CF1B7F /* AppDelegate.swift in Sources */,
				30D973FC28873A1B00CF1B7F /* SceneDelegate.swift in Sources */,
				304DDEB2288B1623002F556E /* ViagemViewModel.swift in Sources */,
				304DDEC328B013A9002F556E /* DetalheViewController.swift in Sources */,
				304DDEB4288B16F3002F556E /* ViagemDestaqueViewModel.swift in Sources */,
			);
			runOnlyForDeploymentPostprocessing = 0;
		};
/* End PBXSourcesBuildPhase section */

/* Begin PBXVariantGroup section */
		30D973FF28873A1B00CF1B7F /* Main.storyboard */ = {
			isa = PBXVariantGroup;
			children = (
				30D9740028873A1B00CF1B7F /* Base */,
			);
			name = Main.storyboard;
			sourceTree = "<group>";
		};
		30D9740428873A1D00CF1B7F /* LaunchScreen.storyboard */ = {
			isa = PBXVariantGroup;
			children = (
				30D9740528873A1D00CF1B7F /* Base */,
			);
			name = LaunchScreen.storyboard;
			sourceTree = "<group>";
		};
/* End PBXVariantGroup section */

/* Begin XCBuildConfiguration section */
		30D9740828873A1D00CF1B7F /* Debug */ = {
			isa = XCBuildConfiguration;
			buildSettings = {
				ALWAYS_SEARCH_USER_PATHS = NO;
				CLANG_ANALYZER_NONNULL = YES;
				CLANG_ANALYZER_NUMBER_OBJECT_CONVERSION = YES_AGGRESSIVE;
				CLANG_CXX_LANGUAGE_STANDARD = "gnu++17";
				CLANG_ENABLE_MODULES = YES;
				CLANG_ENABLE_OBJC_ARC = YES;
				CLANG_ENABLE_OBJC_WEAK = YES;
				CLANG_WARN_BLOCK_CAPTURE_AUTORELEASING = YES;
				CLANG_WARN_BOOL_CONVERSION = YES;
				CLANG_WARN_COMMA = YES;
				CLANG_WARN_CONSTANT_CONVERSION = YES;
				CLANG_WARN_DEPRECATED_OBJC_IMPLEMENTATIONS = YES;
				CLANG_WARN_DIRECT_OBJC_ISA_USAGE = YES_ERROR;
				CLANG_WARN_DOCUMENTATION_COMMENTS = YES;
				CLANG_WARN_EMPTY_BODY = YES;
				CLANG_WARN_ENUM_CONVERSION = YES;
				CLANG_WARN_INFINITE_RECURSION = YES;
				CLANG_WARN_INT_CONVERSION = YES;
				CLANG_WARN_NON_LITERAL_NULL_CONVERSION = YES;
				CLANG_WARN_OBJC_IMPLICIT_RETAIN_SELF = YES;
				CLANG_WARN_OBJC_LITERAL_CONVERSION = YES;
				CLANG_WARN_OBJC_ROOT_CLASS = YES_ERROR;
				CLANG_WARN_QUOTED_INCLUDE_IN_FRAMEWORK_HEADER = YES;
				CLANG_WARN_RANGE_LOOP_ANALYSIS = YES;
				CLANG_WARN_STRICT_PROTOTYPES = YES;
				CLANG_WARN_SUSPICIOUS_MOVE = YES;
				CLANG_WARN_UNGUARDED_AVAILABILITY = YES_AGGRESSIVE;
				CLANG_WARN_UNREACHABLE_CODE = YES;
				CLANG_WARN__DUPLICATE_METHOD_MATCH = YES;
				COPY_PHASE_STRIP = NO;
				DEBUG_INFORMATION_FORMAT = dwarf;
				ENABLE_STRICT_OBJC_MSGSEND = YES;
				ENABLE_TESTABILITY = YES;
				GCC_C_LANGUAGE_STANDARD = gnu11;
				GCC_DYNAMIC_NO_PIC = NO;
				GCC_NO_COMMON_BLOCKS = YES;
				GCC_OPTIMIZATION_LEVEL = 0;
				GCC_PREPROCESSOR_DEFINITIONS = (
					"DEBUG=1",
					"$(inherited)",
				);
				GCC_WARN_64_TO_32_BIT_CONVERSION = YES;
				GCC_WARN_ABOUT_RETURN_TYPE = YES_ERROR;
				GCC_WARN_UNDECLARED_SELECTOR = YES;
				GCC_WARN_UNINITIALIZED_AUTOS = YES_AGGRESSIVE;
				GCC_WARN_UNUSED_FUNCTION = YES;
				GCC_WARN_UNUSED_VARIABLE = YES;
				IPHONEOS_DEPLOYMENT_TARGET = 15.5;
				MTL_ENABLE_DEBUG_INFO = INCLUDE_SOURCE;
				MTL_FAST_MATH = YES;
				ONLY_ACTIVE_ARCH = YES;
				SDKROOT = iphoneos;
				SWIFT_ACTIVE_COMPILATION_CONDITIONS = DEBUG;
				SWIFT_OPTIMIZATION_LEVEL = "-Onone";
			};
			name = Debug;
		};
		30D9740928873A1D00CF1B7F /* Release */ = {
			isa = XCBuildConfiguration;
			buildSettings = {
				ALWAYS_SEARCH_USER_PATHS = NO;
				CLANG_ANALYZER_NONNULL = YES;
				CLANG_ANALYZER_NUMBER_OBJECT_CONVERSION = YES_AGGRESSIVE;
				CLANG_CXX_LANGUAGE_STANDARD = "gnu++17";
				CLANG_ENABLE_MODULES = YES;
				CLANG_ENABLE_OBJC_ARC = YES;
				CLANG_ENABLE_OBJC_WEAK = YES;
				CLANG_WARN_BLOCK_CAPTURE_AUTORELEASING = YES;
				CLANG_WARN_BOOL_CONVERSION = YES;
				CLANG_WARN_COMMA = YES;
				CLANG_WARN_CONSTANT_CONVERSION = YES;
				CLANG_WARN_DEPRECATED_OBJC_IMPLEMENTATIONS = YES;
				CLANG_WARN_DIRECT_OBJC_ISA_USAGE = YES_ERROR;
				CLANG_WARN_DOCUMENTATION_COMMENTS = YES;
				CLANG_WARN_EMPTY_BODY = YES;
				CLANG_WARN_ENUM_CONVERSION = YES;
				CLANG_WARN_INFINITE_RECURSION = YES;
				CLANG_WARN_INT_CONVERSION = YES;
				CLANG_WARN_NON_LITERAL_NULL_CONVERSION = YES;
				CLANG_WARN_OBJC_IMPLICIT_RETAIN_SELF = YES;
				CLANG_WARN_OBJC_LITERAL_CONVERSION = YES;
				CLANG_WARN_OBJC_ROOT_CLASS = YES_ERROR;
				CLANG_WARN_QUOTED_INCLUDE_IN_FRAMEWORK_HEADER = YES;
				CLANG_WARN_RANGE_LOOP_ANALYSIS = YES;
				CLANG_WARN_STRICT_PROTOTYPES = YES;
				CLANG_WARN_SUSPICIOUS_MOVE = YES;
				CLANG_WARN_UNGUARDED_AVAILABILITY = YES_AGGRESSIVE;
				CLANG_WARN_UNREACHABLE_CODE = YES;
				CLANG_WARN__DUPLICATE_METHOD_MATCH = YES;
				COPY_PHASE_STRIP = NO;
				DEBUG_INFORMATION_FORMAT = "dwarf-with-dsym";
				ENABLE_NS_ASSERTIONS = NO;
				ENABLE_STRICT_OBJC_MSGSEND = YES;
				GCC_C_LANGUAGE_STANDARD = gnu11;
				GCC_NO_COMMON_BLOCKS = YES;
				GCC_WARN_64_TO_32_BIT_CONVERSION = YES;
				GCC_WARN_ABOUT_RETURN_TYPE = YES_ERROR;
				GCC_WARN_UNDECLARED_SELECTOR = YES;
				GCC_WARN_UNINITIALIZED_AUTOS = YES_AGGRESSIVE;
				GCC_WARN_UNUSED_FUNCTION = YES;
				GCC_WARN_UNUSED_VARIABLE = YES;
				IPHONEOS_DEPLOYMENT_TARGET = 15.5;
				MTL_ENABLE_DEBUG_INFO = NO;
				MTL_FAST_MATH = YES;
				SDKROOT = iphoneos;
				SWIFT_COMPILATION_MODE = wholemodule;
				SWIFT_OPTIMIZATION_LEVEL = "-O";
				VALIDATE_PRODUCT = YES;
			};
			name = Release;
		};
		30D9740B28873A1D00CF1B7F /* Debug */ = {
			isa = XCBuildConfiguration;
			buildSettings = {
				ASSETCATALOG_COMPILER_APPICON_NAME = AppIcon;
				ASSETCATALOG_COMPILER_GLOBAL_ACCENT_COLOR_NAME = AccentColor;
				CODE_SIGN_STYLE = Automatic;
				CURRENT_PROJECT_VERSION = 1;
				DEVELOPMENT_TEAM = JYZXC96ZQA;
				GENERATE_INFOPLIST_FILE = YES;
				INFOPLIST_FILE = AluraViagensStoryboard/Info.plist;
				INFOPLIST_KEY_UIApplicationSupportsIndirectInputEvents = YES;
				INFOPLIST_KEY_UILaunchStoryboardName = LaunchScreen;
				INFOPLIST_KEY_UIMainStoryboardFile = Main;
				INFOPLIST_KEY_UISupportedInterfaceOrientations_iPad = "UIInterfaceOrientationPortrait UIInterfaceOrientationPortraitUpsideDown UIInterfaceOrientationLandscapeLeft UIInterfaceOrientationLandscapeRight";
				INFOPLIST_KEY_UISupportedInterfaceOrientations_iPhone = "UIInterfaceOrientationPortrait UIInterfaceOrientationLandscapeLeft UIInterfaceOrientationLandscapeRight";
				LD_RUNPATH_SEARCH_PATHS = (
					"$(inherited)",
					"@executable_path/Frameworks",
				);
				MARKETING_VERSION = 1.0;
				PRODUCT_BUNDLE_IDENTIFIER = "analopesps20-gmail.com.AluraViagensStoryboard";
				PRODUCT_NAME = "$(TARGET_NAME)";
				SWIFT_EMIT_LOC_STRINGS = YES;
				SWIFT_VERSION = 5.0;
				TARGETED_DEVICE_FAMILY = "1,2";
			};
			name = Debug;
		};
		30D9740C28873A1D00CF1B7F /* Release */ = {
			isa = XCBuildConfiguration;
			buildSettings = {
				ASSETCATALOG_COMPILER_APPICON_NAME = AppIcon;
				ASSETCATALOG_COMPILER_GLOBAL_ACCENT_COLOR_NAME = AccentColor;
				CODE_SIGN_STYLE = Automatic;
				CURRENT_PROJECT_VERSION = 1;
				DEVELOPMENT_TEAM = JYZXC96ZQA;
				GENERATE_INFOPLIST_FILE = YES;
				INFOPLIST_FILE = AluraViagensStoryboard/Info.plist;
				INFOPLIST_KEY_UIApplicationSupportsIndirectInputEvents = YES;
				INFOPLIST_KEY_UILaunchStoryboardName = LaunchScreen;
				INFOPLIST_KEY_UIMainStoryboardFile = Main;
				INFOPLIST_KEY_UISupportedInterfaceOrientations_iPad = "UIInterfaceOrientationPortrait UIInterfaceOrientationPortraitUpsideDown UIInterfaceOrientationLandscapeLeft UIInterfaceOrientationLandscapeRight";
				INFOPLIST_KEY_UISupportedInterfaceOrientations_iPhone = "UIInterfaceOrientationPortrait UIInterfaceOrientationLandscapeLeft UIInterfaceOrientationLandscapeRight";
				LD_RUNPATH_SEARCH_PATHS = (
					"$(inherited)",
					"@executable_path/Frameworks",
				);
				MARKETING_VERSION = 1.0;
				PRODUCT_BUNDLE_IDENTIFIER = "analopesps20-gmail.com.AluraViagensStoryboard";
				PRODUCT_NAME = "$(TARGET_NAME)";
				SWIFT_EMIT_LOC_STRINGS = YES;
				SWIFT_VERSION = 5.0;
				TARGETED_DEVICE_FAMILY = "1,2";
			};
			name = Release;
		};
/* End XCBuildConfiguration section */

/* Begin XCConfigurationList section */
		30D973F128873A1B00CF1B7F /* Build configuration list for PBXProject "AluraViagensStoryboard" */ = {
			isa = XCConfigurationList;
			buildConfigurations = (
				30D9740828873A1D00CF1B7F /* Debug */,
				30D9740928873A1D00CF1B7F /* Release */,
			);
			defaultConfigurationIsVisible = 0;
			defaultConfigurationName = Release;
		};
		30D9740A28873A1D00CF1B7F /* Build configuration list for PBXNativeTarget "AluraViagensStoryboard" */ = {
			isa = XCConfigurationList;
			buildConfigurations = (
				30D9740B28873A1D00CF1B7F /* Debug */,
				30D9740C28873A1D00CF1B7F /* Release */,
			);
			defaultConfigurationIsVisible = 0;
			defaultConfigurationName = Release;
		};
/* End XCConfigurationList section */
	};
	rootObject = 30D973EE28873A1B00CF1B7F /* Project object */;
}
